
Microsoft Visual Studio Solution File, Format Version 12.00
# Visual Studio Version 17
VisualStudioVersion = 17.11.35312.102
MinimumVisualStudioVersion = 10.0.40219.1
Project("{FAE04EC0-301F-11D3-BF4B-00C04F79EFBC}") = "AMBCProductos", "AMBCProductos.csproj", "{3E90EDFE-EFA7-48E8-B015-36FF98ED16AB}"
EndProject
Global
	GlobalSection(SolutionConfigurationPlatforms) = preSolution
		Debug|Any CPU = Debug|Any CPU
		Release|Any CPU = Release|Any CPU
	EndGlobalSection
	GlobalSection(ProjectConfigurationPlatforms) = postSolution
		{3E90EDFE-EFA7-48E8-B015-36FF98ED16AB}.Debug|Any CPU.ActiveCfg = Debug|Any CPU
		{3E90EDFE-EFA7-48E8-B015-36FF98ED16AB}.Debug|Any CPU.Build.0 = Debug|Any CPU
		{3E90EDFE-EFA7-48E8-B015-36FF98ED16AB}.Release|Any CPU.ActiveCfg = Release|Any CPU
		{3E90EDFE-EFA7-48E8-B015-36FF98ED16AB}.Release|Any CPU.Build.0 = Release|Any CPU
	EndGlobalSection
	GlobalSection(SolutionProperties) = preSolution
		HideSolutionNode = FALSE
	EndGlobalSection
	GlobalSection(ExtensibilityGlobals) = postSolution
		SolutionGuid = {FBC3621E-0B82-41B0-BF3C-783BB9DB3B69}
	EndGlobalSection
EndGlobal
